
Microsoft Visual Studio Solution File, Format Version 12.00
# Visual Studio Version 16
VisualStudioVersion = 16.0.33027.164
MinimumVisualStudioVersion = 10.0.40219.1
Project("{9A19103F-16F7-4668-BE54-9A1E7A4F7556}") = "ModalDialog", "ModalDialog\ModalDialog.csproj", "{05BA710C-D673-4835-B801-6727A3C26981}"
EndProject
Project("{FAE04EC0-301F-11D3-BF4B-00C04F79EFBC}") = "MyComponents", "MyComponents\MyComponents.csproj", "{BD19726C-1E62-4974-971D-3EB7AC401D70}"
EndProject
Global
	GlobalSection(SolutionConfigurationPlatforms) = preSolution
		Debug|Any CPU = Debug|Any CPU
		Release|Any CPU = Release|Any CPU
	EndGlobalSection
	GlobalSection(ProjectConfigurationPlatforms) = postSolution
		{05BA710C-D673-4835-B801-6727A3C26981}.Debug|Any CPU.ActiveCfg = Debug|Any CPU
		{05BA710C-D673-4835-B801-6727A3C26981}.Debug|Any CPU.Build.0 = Debug|Any CPU
		{05BA710C-D673-4835-B801-6727A3C26981}.Release|Any CPU.ActiveCfg = Release|Any CPU
		{05BA710C-D673-4835-B801-6727A3C26981}.Release|Any CPU.Build.0 = Release|Any CPU
		{BD19726C-1E62-4974-971D-3EB7AC401D70}.Debug|Any CPU.ActiveCfg = Debug|Any CPU
		{BD19726C-1E62-4974-971D-3EB7AC401D70}.Debug|Any CPU.Build.0 = Debug|Any CPU
		{BD19726C-1E62-4974-971D-3EB7AC401D70}.Release|Any CPU.ActiveCfg = Release|Any CPU
		{BD19726C-1E62-4974-971D-3EB7AC401D70}.Release|Any CPU.Build.0 = Release|Any CPU
	EndGlobalSection
	GlobalSection(SolutionProperties) = preSolution
		HideSolutionNode = FALSE
	EndGlobalSection
	GlobalSection(ExtensibilityGlobals) = postSolution
		SolutionGuid = {E1D11058-5B72-42A6-BC98-EE842344F974}
	EndGlobalSection
EndGlobal
